
Microsoft Visual Studio Solution File, Format Version 12.00
# Visual Studio Version 16
VisualStudioVersion = 16.0.32228.343
MinimumVisualStudioVersion = 10.0.40219.1
Project("{FAE04EC0-301F-11D3-BF4B-00C04F79EFBC}") = "ExamenVehiculo", "ExamenVehiculo.csproj", "{ABC2B093-AEA7-491D-9641-E2C4BA961A98}"
EndProject
Global
	GlobalSection(SolutionConfigurationPlatforms) = preSolution
		Debug|Any CPU = Debug|Any CPU
		Release|Any CPU = Release|Any CPU
	EndGlobalSection
	GlobalSection(ProjectConfigurationPlatforms) = postSolution
		{ABC2B093-AEA7-491D-9641-E2C4BA961A98}.Debug|Any CPU.ActiveCfg = Debug|Any CPU
		{ABC2B093-AEA7-491D-9641-E2C4BA961A98}.Debug|Any CPU.Build.0 = Debug|Any CPU
		{ABC2B093-AEA7-491D-9641-E2C4BA961A98}.Release|Any CPU.ActiveCfg = Release|Any CPU
		{ABC2B093-AEA7-491D-9641-E2C4BA961A98}.Release|Any CPU.Build.0 = Release|Any CPU
	EndGlobalSection
	GlobalSection(SolutionProperties) = preSolution
		HideSolutionNode = FALSE
	EndGlobalSection
	GlobalSection(ExtensibilityGlobals) = postSolution
		SolutionGuid = {79B7E692-0C8D-41F1-A76D-C3A45BDD70A0}
	EndGlobalSection
EndGlobal
